%{"connection": {:hex, :connection, "1.0.4", "a1cae72211f0eef17705aaededacac3eb30e6625b04a6117c1b2db6ace7d5976", [:mix], [], "hexpm"},
  "poison": {:hex, :poison, "2.2.0", "4763b69a8a77bd77d26f477d196428b741261a761257ff1cf92753a0d4d24a63", [:mix], [], "hexpm"},
  "rethinkdb": {:hex, :rethinkdb, "0.4.0", "287714c2c7683a1f327ea83bf7a1c4eaaf8141ddf52e785632ef289d3851bc4e", [:mix], [{:connection, "~> 1.0.1", [hex: :connection, repo: "hexpm", optional: false]}, {:poison, "~> 1.5 or ~> 2.0", [hex: :poison, repo: "hexpm", optional: false]}], "hexpm"}}
